
Microsoft Visual Studio Solution File, Format Version 12.00
# Visual Studio Version 17
VisualStudioVersion = 17.4.33110.190
MinimumVisualStudioVersion = 10.0.40219.1
Project("{FAE04EC0-301F-11D3-BF4B-00C04F79EFBC}") = "task3-23-11-2022new22", "task3-23-11-2022new22.csproj", "{90B111B5-3568-4D56-9FE8-085A7E58B468}"
EndProject
Global
	GlobalSection(SolutionConfigurationPlatforms) = preSolution
		Debug|Any CPU = Debug|Any CPU
		Release|Any CPU = Release|Any CPU
	EndGlobalSection
	GlobalSection(ProjectConfigurationPlatforms) = postSolution
		{90B111B5-3568-4D56-9FE8-085A7E58B468}.Debug|Any CPU.ActiveCfg = Debug|Any CPU
		{90B111B5-3568-4D56-9FE8-085A7E58B468}.Debug|Any CPU.Build.0 = Debug|Any CPU
		{90B111B5-3568-4D56-9FE8-085A7E58B468}.Release|Any CPU.ActiveCfg = Release|Any CPU
		{90B111B5-3568-4D56-9FE8-085A7E58B468}.Release|Any CPU.Build.0 = Release|Any CPU
	EndGlobalSection
	GlobalSection(SolutionProperties) = preSolution
		HideSolutionNode = FALSE
	EndGlobalSection
	GlobalSection(ExtensibilityGlobals) = postSolution
		SolutionGuid = {4FB27675-E85E-444A-B672-486056D858C2}
	EndGlobalSection
EndGlobal
